
Microsoft Visual Studio Solution File, Format Version 12.00
# Visual Studio Version 16
VisualStudioVersion = 16.0.30320.27
MinimumVisualStudioVersion = 10.0.40219.1
Project("{9A19103F-16F7-4668-BE54-9A1E7A4F7556}") = "BenchCsvReaders", "BenchCsvReaders\BenchCsvReaders.csproj", "{939536FC-D82F-4CF6-87EF-5C5C40417D57}"
EndProject
Project("{9A19103F-16F7-4668-BE54-9A1E7A4F7556}") = "CsvReaderCompare", "CsvReaderCompare\CsvReaderCompare.csproj", "{9758EA05-040A-4DC4-A5DA-390994D51891}"
EndProject
Project("{9A19103F-16F7-4668-BE54-9A1E7A4F7556}") = "CsvReader", "CsvReader\CsvReader.csproj", "{DF1FE931-A1C3-4676-95EB-F203AFB3A94E}"
EndProject
Project("{9A19103F-16F7-4668-BE54-9A1E7A4F7556}") = "TestCsvReader", "TestCsvReader\TestCsvReader.csproj", "{DE4BA020-D9A8-4533-829F-8273FFEC76F7}"
EndProject
Project("{FAE04EC0-301F-11D3-BF4B-00C04F79EFBC}") = "RunCsvReaderCore", "RunCsvReaderCore\RunCsvReaderCore.csproj", "{A719BE35-A0F5-4596-B42D-814198691C73}"
EndProject
Global
	GlobalSection(SolutionConfigurationPlatforms) = preSolution
		Debug|Any CPU = Debug|Any CPU
		Release|Any CPU = Release|Any CPU
	EndGlobalSection
	GlobalSection(ProjectConfigurationPlatforms) = postSolution
		{939536FC-D82F-4CF6-87EF-5C5C40417D57}.Debug|Any CPU.ActiveCfg = Debug|Any CPU
		{939536FC-D82F-4CF6-87EF-5C5C40417D57}.Debug|Any CPU.Build.0 = Debug|Any CPU
		{939536FC-D82F-4CF6-87EF-5C5C40417D57}.Release|Any CPU.ActiveCfg = Release|Any CPU
		{939536FC-D82F-4CF6-87EF-5C5C40417D57}.Release|Any CPU.Build.0 = Release|Any CPU
		{9758EA05-040A-4DC4-A5DA-390994D51891}.Debug|Any CPU.ActiveCfg = Debug|Any CPU
		{9758EA05-040A-4DC4-A5DA-390994D51891}.Debug|Any CPU.Build.0 = Debug|Any CPU
		{9758EA05-040A-4DC4-A5DA-390994D51891}.Release|Any CPU.ActiveCfg = Release|Any CPU
		{9758EA05-040A-4DC4-A5DA-390994D51891}.Release|Any CPU.Build.0 = Release|Any CPU
		{DF1FE931-A1C3-4676-95EB-F203AFB3A94E}.Debug|Any CPU.ActiveCfg = Debug|Any CPU
		{DF1FE931-A1C3-4676-95EB-F203AFB3A94E}.Debug|Any CPU.Build.0 = Debug|Any CPU
		{DF1FE931-A1C3-4676-95EB-F203AFB3A94E}.Release|Any CPU.ActiveCfg = Release|Any CPU
		{DF1FE931-A1C3-4676-95EB-F203AFB3A94E}.Release|Any CPU.Build.0 = Release|Any CPU
		{DE4BA020-D9A8-4533-829F-8273FFEC76F7}.Debug|Any CPU.ActiveCfg = Debug|Any CPU
		{DE4BA020-D9A8-4533-829F-8273FFEC76F7}.Debug|Any CPU.Build.0 = Debug|Any CPU
		{DE4BA020-D9A8-4533-829F-8273FFEC76F7}.Release|Any CPU.ActiveCfg = Release|Any CPU
		{DE4BA020-D9A8-4533-829F-8273FFEC76F7}.Release|Any CPU.Build.0 = Release|Any CPU
		{A719BE35-A0F5-4596-B42D-814198691C73}.Debug|Any CPU.ActiveCfg = Debug|Any CPU
		{A719BE35-A0F5-4596-B42D-814198691C73}.Debug|Any CPU.Build.0 = Debug|Any CPU
		{A719BE35-A0F5-4596-B42D-814198691C73}.Release|Any CPU.ActiveCfg = Release|Any CPU
		{A719BE35-A0F5-4596-B42D-814198691C73}.Release|Any CPU.Build.0 = Release|Any CPU
	EndGlobalSection
	GlobalSection(SolutionProperties) = preSolution
		HideSolutionNode = FALSE
	EndGlobalSection
	GlobalSection(ExtensibilityGlobals) = postSolution
		SolutionGuid = {C22673E6-5152-4E28-8760-180712E4BE72}
	EndGlobalSection
EndGlobal
