
Microsoft Visual Studio Solution File, Format Version 12.00
# Visual Studio Version 16
VisualStudioVersion = 16.0.30320.27
MinimumVisualStudioVersion = 10.0.40219.1
Project("{FAE04EC0-301F-11D3-BF4B-00C04F79EFBC}") = "CsvReader", "CsvReader\CsvReader.csproj", "{22DCBEEA-3D1A-44A7-81FA-BC088C2F94F1}"
EndProject
Project("{FAE04EC0-301F-11D3-BF4B-00C04F79EFBC}") = "TestCsvReader", "TestCsvReader\TestCsvReader.csproj", "{71DC41AA-A99C-48DF-B5FC-4394EB44AB9B}"
EndProject
Project("{FAE04EC0-301F-11D3-BF4B-00C04F79EFBC}") = "RunCsvReader", "RunCsvReader\RunCsvReader.csproj", "{A7CD6444-8C61-43A8-B4FB-3D653742F074}"
EndProject
Project("{FAE04EC0-301F-11D3-BF4B-00C04F79EFBC}") = "BenchCsvReaders", "BenchCsvReaders\BenchCsvReaders.csproj", "{939536FC-D82F-4CF6-87EF-5C5C40417D57}"
EndProject
Project("{FAE04EC0-301F-11D3-BF4B-00C04F79EFBC}") = "CsvReaderCore", "CsvReaderCore\CsvReaderCore.csproj", "{EE1CDA97-0EA6-4253-BA7E-13F712FBD29D}"
EndProject
Global
	GlobalSection(SolutionConfigurationPlatforms) = preSolution
		Debug|Any CPU = Debug|Any CPU
		Release|Any CPU = Release|Any CPU
	EndGlobalSection
	GlobalSection(ProjectConfigurationPlatforms) = postSolution
		{22DCBEEA-3D1A-44A7-81FA-BC088C2F94F1}.Debug|Any CPU.ActiveCfg = Debug|Any CPU
		{22DCBEEA-3D1A-44A7-81FA-BC088C2F94F1}.Debug|Any CPU.Build.0 = Debug|Any CPU
		{22DCBEEA-3D1A-44A7-81FA-BC088C2F94F1}.Release|Any CPU.ActiveCfg = Release|Any CPU
		{22DCBEEA-3D1A-44A7-81FA-BC088C2F94F1}.Release|Any CPU.Build.0 = Release|Any CPU
		{71DC41AA-A99C-48DF-B5FC-4394EB44AB9B}.Debug|Any CPU.ActiveCfg = Debug|Any CPU
		{71DC41AA-A99C-48DF-B5FC-4394EB44AB9B}.Debug|Any CPU.Build.0 = Debug|Any CPU
		{71DC41AA-A99C-48DF-B5FC-4394EB44AB9B}.Release|Any CPU.ActiveCfg = Release|Any CPU
		{71DC41AA-A99C-48DF-B5FC-4394EB44AB9B}.Release|Any CPU.Build.0 = Release|Any CPU
		{A7CD6444-8C61-43A8-B4FB-3D653742F074}.Debug|Any CPU.ActiveCfg = Debug|Any CPU
		{A7CD6444-8C61-43A8-B4FB-3D653742F074}.Debug|Any CPU.Build.0 = Debug|Any CPU
		{A7CD6444-8C61-43A8-B4FB-3D653742F074}.Release|Any CPU.ActiveCfg = Release|Any CPU
		{A7CD6444-8C61-43A8-B4FB-3D653742F074}.Release|Any CPU.Build.0 = Release|Any CPU
		{939536FC-D82F-4CF6-87EF-5C5C40417D57}.Debug|Any CPU.ActiveCfg = Debug|Any CPU
		{939536FC-D82F-4CF6-87EF-5C5C40417D57}.Debug|Any CPU.Build.0 = Debug|Any CPU
		{939536FC-D82F-4CF6-87EF-5C5C40417D57}.Release|Any CPU.ActiveCfg = Release|Any CPU
		{939536FC-D82F-4CF6-87EF-5C5C40417D57}.Release|Any CPU.Build.0 = Release|Any CPU
		{EE1CDA97-0EA6-4253-BA7E-13F712FBD29D}.Debug|Any CPU.ActiveCfg = Debug|Any CPU
		{EE1CDA97-0EA6-4253-BA7E-13F712FBD29D}.Debug|Any CPU.Build.0 = Debug|Any CPU
		{EE1CDA97-0EA6-4253-BA7E-13F712FBD29D}.Release|Any CPU.ActiveCfg = Release|Any CPU
		{EE1CDA97-0EA6-4253-BA7E-13F712FBD29D}.Release|Any CPU.Build.0 = Release|Any CPU
	EndGlobalSection
	GlobalSection(SolutionProperties) = preSolution
		HideSolutionNode = FALSE
	EndGlobalSection
	GlobalSection(ExtensibilityGlobals) = postSolution
		SolutionGuid = {C22673E6-5152-4E28-8760-180712E4BE72}
	EndGlobalSection
EndGlobal
