
Microsoft Visual Studio Solution File, Format Version 12.00
# Visual Studio Version 16
VisualStudioVersion = 16.0.30320.27
MinimumVisualStudioVersion = 10.0.40219.1
Project("{FAE04EC0-301F-11D3-BF4B-00C04F79EFBC}") = "CsvReader", "CsvReader\CsvReader.csproj", "{22DCBEEA-3D1A-44A7-81FA-BC088C2F94F1}"
EndProject
Project("{FAE04EC0-301F-11D3-BF4B-00C04F79EFBC}") = "TestCsvReader", "TestCsvReader\TestCsvReader.csproj", "{71DC41AA-A99C-48DF-B5FC-4394EB44AB9B}"
EndProject
Project("{FAE04EC0-301F-11D3-BF4B-00C04F79EFBC}") = "RunCsvReader", "RunCsvReader\RunCsvReader.csproj", "{A7CD6444-8C61-43A8-B4FB-3D653742F074}"
EndProject
Project("{9A19103F-16F7-4668-BE54-9A1E7A4F7556}") = "CsvReader2", "CsvReader2\CsvReader2.csproj", "{17593D1F-3148-4242-ACEF-C6DC8963066D}"
EndProject
Project("{9A19103F-16F7-4668-BE54-9A1E7A4F7556}") = "BenchCsvReaders", "BenchCsvReaders\BenchCsvReaders.csproj", "{939536FC-D82F-4CF6-87EF-5C5C40417D57}"
EndProject
Project("{FAE04EC0-301F-11D3-BF4B-00C04F79EFBC}") = "TestCsvReader3", "TestCsvReader3\TestCsvReader3.csproj", "{E90EBB10-EE5D-4D5C-B9AA-B4266430002C}"
EndProject
Global
	GlobalSection(SolutionConfigurationPlatforms) = preSolution
		Debug|Any CPU = Debug|Any CPU
		Release|Any CPU = Release|Any CPU
	EndGlobalSection
	GlobalSection(ProjectConfigurationPlatforms) = postSolution
		{22DCBEEA-3D1A-44A7-81FA-BC088C2F94F1}.Debug|Any CPU.ActiveCfg = Debug|Any CPU
		{22DCBEEA-3D1A-44A7-81FA-BC088C2F94F1}.Debug|Any CPU.Build.0 = Debug|Any CPU
		{22DCBEEA-3D1A-44A7-81FA-BC088C2F94F1}.Release|Any CPU.ActiveCfg = Release|Any CPU
		{22DCBEEA-3D1A-44A7-81FA-BC088C2F94F1}.Release|Any CPU.Build.0 = Release|Any CPU
		{71DC41AA-A99C-48DF-B5FC-4394EB44AB9B}.Debug|Any CPU.ActiveCfg = Debug|Any CPU
		{71DC41AA-A99C-48DF-B5FC-4394EB44AB9B}.Debug|Any CPU.Build.0 = Debug|Any CPU
		{71DC41AA-A99C-48DF-B5FC-4394EB44AB9B}.Release|Any CPU.ActiveCfg = Release|Any CPU
		{71DC41AA-A99C-48DF-B5FC-4394EB44AB9B}.Release|Any CPU.Build.0 = Release|Any CPU
		{A7CD6444-8C61-43A8-B4FB-3D653742F074}.Debug|Any CPU.ActiveCfg = Debug|Any CPU
		{A7CD6444-8C61-43A8-B4FB-3D653742F074}.Debug|Any CPU.Build.0 = Debug|Any CPU
		{A7CD6444-8C61-43A8-B4FB-3D653742F074}.Release|Any CPU.ActiveCfg = Release|Any CPU
		{A7CD6444-8C61-43A8-B4FB-3D653742F074}.Release|Any CPU.Build.0 = Release|Any CPU
		{17593D1F-3148-4242-ACEF-C6DC8963066D}.Debug|Any CPU.ActiveCfg = Debug|Any CPU
		{17593D1F-3148-4242-ACEF-C6DC8963066D}.Debug|Any CPU.Build.0 = Debug|Any CPU
		{17593D1F-3148-4242-ACEF-C6DC8963066D}.Release|Any CPU.ActiveCfg = Release|Any CPU
		{17593D1F-3148-4242-ACEF-C6DC8963066D}.Release|Any CPU.Build.0 = Release|Any CPU
		{939536FC-D82F-4CF6-87EF-5C5C40417D57}.Debug|Any CPU.ActiveCfg = Debug|Any CPU
		{939536FC-D82F-4CF6-87EF-5C5C40417D57}.Debug|Any CPU.Build.0 = Debug|Any CPU
		{939536FC-D82F-4CF6-87EF-5C5C40417D57}.Release|Any CPU.ActiveCfg = Release|Any CPU
		{939536FC-D82F-4CF6-87EF-5C5C40417D57}.Release|Any CPU.Build.0 = Release|Any CPU
		{E90EBB10-EE5D-4D5C-B9AA-B4266430002C}.Debug|Any CPU.ActiveCfg = Debug|Any CPU
		{E90EBB10-EE5D-4D5C-B9AA-B4266430002C}.Debug|Any CPU.Build.0 = Debug|Any CPU
		{E90EBB10-EE5D-4D5C-B9AA-B4266430002C}.Release|Any CPU.ActiveCfg = Release|Any CPU
		{E90EBB10-EE5D-4D5C-B9AA-B4266430002C}.Release|Any CPU.Build.0 = Release|Any CPU
	EndGlobalSection
	GlobalSection(SolutionProperties) = preSolution
		HideSolutionNode = FALSE
	EndGlobalSection
	GlobalSection(ExtensibilityGlobals) = postSolution
		SolutionGuid = {C22673E6-5152-4E28-8760-180712E4BE72}
	EndGlobalSection
EndGlobal
